
Microsoft Visual Studio Solution File, Format Version 12.00
# Visual Studio Version 16
VisualStudioVersion = 16.0.30711.63
MinimumVisualStudioVersion = 10.0.40219.1
Project("{FAE04EC0-301F-11D3-BF4B-00C04F79EFBC}") = "UserLogin", "UserLogin\UserLogin.csproj", "{57F1B8A3-01C9-4B57-AE86-A509238C01A1}"
EndProject
Global
	GlobalSection(SolutionConfigurationPlatforms) = preSolution
		Debug|Any CPU = Debug|Any CPU
		Release|Any CPU = Release|Any CPU
	EndGlobalSection
	GlobalSection(ProjectConfigurationPlatforms) = postSolution
		{57F1B8A3-01C9-4B57-AE86-A509238C01A1}.Debug|Any CPU.ActiveCfg = Debug|Any CPU
		{57F1B8A3-01C9-4B57-AE86-A509238C01A1}.Debug|Any CPU.Build.0 = Debug|Any CPU
		{57F1B8A3-01C9-4B57-AE86-A509238C01A1}.Release|Any CPU.ActiveCfg = Release|Any CPU
		{57F1B8A3-01C9-4B57-AE86-A509238C01A1}.Release|Any CPU.Build.0 = Release|Any CPU
	EndGlobalSection
	GlobalSection(SolutionProperties) = preSolution
		HideSolutionNode = FALSE
	EndGlobalSection
	GlobalSection(ExtensibilityGlobals) = postSolution
		SolutionGuid = {BF97AFF5-3826-4FC7-8BF8-7AA67D7E3BE9}
	EndGlobalSection
EndGlobal
